PODS:
  - abseil/algorithm (0.20200225.0):
    - abseil/algorithm/algorithm (= 0.20200225.0)
    - abseil/algorithm/container (= 0.20200225.0)
  - abseil/algorithm/algorithm (0.20200225.0):
    - abseil/base/config
  - abseil/algorithm/container (0.20200225.0):
    - abseil/algorithm/algorithm
    - abseil/base/core_headers
    - abseil/meta/type_traits
  - abseil/base (0.20200225.0):
    - abseil/base/atomic_hook (= 0.20200225.0)
    - abseil/base/base (= 0.20200225.0)
    - abseil/base/base_internal (= 0.20200225.0)
    - abseil/base/bits (= 0.20200225.0)
    - abseil/base/config (= 0.20200225.0)
    - abseil/base/core_headers (= 0.20200225.0)
    - abseil/base/dynamic_annotations (= 0.20200225.0)
    - abseil/base/endian (= 0.20200225.0)
    - abseil/base/errno_saver (= 0.20200225.0)
    - abseil/base/exponential_biased (= 0.20200225.0)
    - abseil/base/log_severity (= 0.20200225.0)
    - abseil/base/malloc_internal (= 0.20200225.0)
    - abseil/base/periodic_sampler (= 0.20200225.0)
    - abseil/base/pretty_function (= 0.20200225.0)
    - abseil/base/raw_logging_internal (= 0.20200225.0)
    - abseil/base/spinlock_wait (= 0.20200225.0)
    - abseil/base/throw_delegate (= 0.20200225.0)
  - abseil/base/atomic_hook (0.20200225.0):
    - abseil/base/config
    - abseil/base/core_headers
  - abseil/base/base (0.20200225.0):
    - abseil/base/atomic_hook
    - abseil/base/base_internal
    - abseil/base/config
    - abseil/base/core_headers
    - abseil/base/dynamic_annotations
    - abseil/base/log_severity
    - abseil/base/raw_logging_internal
    - abseil/base/spinlock_wait
    - abseil/meta/type_traits
  - abseil/base/base_internal (0.20200225.0):
    - abseil/base/config
    - abseil/meta/type_traits
  - abseil/base/bits (0.20200225.0):
    - abseil/base/config
    - abseil/base/core_headers
  - abseil/base/config (0.20200225.0)
  - abseil/base/core_headers (0.20200225.0):
    - abseil/base/config
  - abseil/base/dynamic_annotations (0.20200225.0)
  - abseil/base/endian (0.20200225.0):
    - abseil/base/config
    - abseil/base/core_headers
  - abseil/base/errno_saver (0.20200225.0):
    - abseil/base/config
  - abseil/base/exponential_biased (0.20200225.0):
    - abseil/base/config
    - abseil/base/core_headers
  - abseil/base/log_severity (0.20200225.0):
    - abseil/base/config
    - abseil/base/core_headers
  - abseil/base/malloc_internal (0.20200225.0):
    - abseil/base/base
    - abseil/base/base_internal
    - abseil/base/config
    - abseil/base/core_headers
    - abseil/base/dynamic_annotations
    - abseil/base/raw_logging_internal
  - abseil/base/periodic_sampler (0.20200225.0):
    - abseil/base/core_headers
    - abseil/base/exponential_biased
  - abseil/base/pretty_function (0.20200225.0)
  - abseil/base/raw_logging_internal (0.20200225.0):
    - abseil/base/atomic_hook
    - abseil/base/config
    - abseil/base/core_headers
    - abseil/base/log_severity
  - abseil/base/spinlock_wait (0.20200225.0):
    - abseil/base/base_internal
    - abseil/base/core_headers
    - abseil/base/errno_saver
  - abseil/base/throw_delegate (0.20200225.0):
    - abseil/base/config
    - abseil/base/raw_logging_internal
  - abseil/container/compressed_tuple (0.20200225.0):
    - abseil/utility/utility
  - abseil/container/inlined_vector (0.20200225.0):
    - abseil/algorithm/algorithm
    - abseil/base/core_headers
    - abseil/base/throw_delegate
    - abseil/container/inlined_vector_internal
    - abseil/memory/memory
  - abseil/container/inlined_vector_internal (0.20200225.0):
    - abseil/base/core_headers
    - abseil/container/compressed_tuple
    - abseil/memory/memory
    - abseil/meta/type_traits
    - abseil/types/span
  - abseil/memory (0.20200225.0):
    - abseil/memory/memory (= 0.20200225.0)
  - abseil/memory/memory (0.20200225.0):
    - abseil/base/core_headers
    - abseil/meta/type_traits
  - abseil/meta (0.20200225.0):
    - abseil/meta/type_traits (= 0.20200225.0)
  - abseil/meta/type_traits (0.20200225.0):
    - abseil/base/config
  - abseil/numeric/int128 (0.20200225.0):
    - abseil/base/config
    - abseil/base/core_headers
  - abseil/strings/internal (0.20200225.0):
    - abseil/base/config
    - abseil/base/core_headers
    - abseil/base/endian
    - abseil/base/raw_logging_internal
    - abseil/meta/type_traits
  - abseil/strings/str_format (0.20200225.0):
    - abseil/strings/str_format_internal
  - abseil/strings/str_format_internal (0.20200225.0):
    - abseil/base/config
    - abseil/base/core_headers
    - abseil/meta/type_traits
    - abseil/numeric/int128
    - abseil/strings/strings
    - abseil/types/span
  - abseil/strings/strings (0.20200225.0):
    - abseil/base/base
    - abseil/base/bits
    - abseil/base/config
    - abseil/base/core_headers
    - abseil/base/endian
    - abseil/base/raw_logging_internal
    - abseil/base/throw_delegate
    - abseil/memory/memory
    - abseil/meta/type_traits
    - abseil/numeric/int128
    - abseil/strings/internal
  - abseil/time (0.20200225.0):
    - abseil/time/internal (= 0.20200225.0)
    - abseil/time/time (= 0.20200225.0)
  - abseil/time/internal (0.20200225.0):
    - abseil/time/internal/cctz (= 0.20200225.0)
  - abseil/time/internal/cctz (0.20200225.0):
    - abseil/time/internal/cctz/civil_time (= 0.20200225.0)
    - abseil/time/internal/cctz/time_zone (= 0.20200225.0)
  - abseil/time/internal/cctz/civil_time (0.20200225.0):
    - abseil/base/config
  - abseil/time/internal/cctz/time_zone (0.20200225.0):
    - abseil/base/config
    - abseil/time/internal/cctz/civil_time
  - abseil/time/time (0.20200225.0):
    - abseil/base/base
    - abseil/base/core_headers
    - abseil/base/raw_logging_internal
    - abseil/numeric/int128
    - abseil/strings/strings
    - abseil/time/internal/cctz/civil_time
    - abseil/time/internal/cctz/time_zone
  - abseil/types (0.20200225.0):
    - abseil/types/any (= 0.20200225.0)
    - abseil/types/bad_any_cast (= 0.20200225.0)
    - abseil/types/bad_any_cast_impl (= 0.20200225.0)
    - abseil/types/bad_optional_access (= 0.20200225.0)
    - abseil/types/bad_variant_access (= 0.20200225.0)
    - abseil/types/compare (= 0.20200225.0)
    - abseil/types/optional (= 0.20200225.0)
    - abseil/types/span (= 0.20200225.0)
    - abseil/types/variant (= 0.20200225.0)
  - abseil/types/any (0.20200225.0):
    - abseil/base/config
    - abseil/base/core_headers
    - abseil/meta/type_traits
    - abseil/types/bad_any_cast
    - abseil/utility/utility
  - abseil/types/bad_any_cast (0.20200225.0):
    - abseil/base/config
    - abseil/types/bad_any_cast_impl
  - abseil/types/bad_any_cast_impl (0.20200225.0):
    - abseil/base/config
    - abseil/base/raw_logging_internal
  - abseil/types/bad_optional_access (0.20200225.0):
    - abseil/base/config
    - abseil/base/raw_logging_internal
  - abseil/types/bad_variant_access (0.20200225.0):
    - abseil/base/config
    - abseil/base/raw_logging_internal
  - abseil/types/compare (0.20200225.0):
    - abseil/base/core_headers
    - abseil/meta/type_traits
  - abseil/types/optional (0.20200225.0):
    - abseil/base/base_internal
    - abseil/base/config
    - abseil/base/core_headers
    - abseil/memory/memory
    - abseil/meta/type_traits
    - abseil/types/bad_optional_access
    - abseil/utility/utility
  - abseil/types/span (0.20200225.0):
    - abseil/algorithm/algorithm
    - abseil/base/core_headers
    - abseil/base/throw_delegate
    - abseil/meta/type_traits
  - abseil/types/variant (0.20200225.0):
    - abseil/base/base_internal
    - abseil/base/config
    - abseil/base/core_headers
    - abseil/meta/type_traits
    - abseil/types/bad_variant_access
    - abseil/utility/utility
  - abseil/utility/utility (0.20200225.0):
    - abseil/base/base_internal
    - abseil/base/config
    - abseil/meta/type_traits
  - Alamofire (5.4.0)
  - AlamofireImage (4.1.0):
    - Alamofire (~> 5.1)
  - AppAuth (1.4.0):
    - AppAuth/Core (= 1.4.0)
    - AppAuth/ExternalUserAgent (= 1.4.0)
  - AppAuth/Core (1.4.0)
  - AppAuth/ExternalUserAgent (1.4.0)
  - BCrypt (1.0.0)
  - Bolts (1.9.1):
    - Bolts/AppLinks (= 1.9.1)
    - Bolts/Tasks (= 1.9.1)
  - Bolts/AppLinks (1.9.1):
    - Bolts/Tasks
  - Bolts/Tasks (1.9.1)
  - BoringSSL-GRPC (0.0.7):
    - BoringSSL-GRPC/Implementation (= 0.0.7)
    - BoringSSL-GRPC/Interface (= 0.0.7)
  - BoringSSL-GRPC/Implementation (0.0.7):
    - BoringSSL-GRPC/Interface (= 0.0.7)
  - BoringSSL-GRPC/Interface (0.0.7)
  - BottomPopUpView (0.0.7)
  - CollectionViewWaterfallLayout (0.5.0)
  - FBSDKCoreKit (8.2.0):
    - FBSDKCoreKit/Basics (= 8.2.0)
    - FBSDKCoreKit/Core (= 8.2.0)
  - FBSDKCoreKit/Basics (8.2.0)
  - FBSDKCoreKit/Core (8.2.0):
    - FBSDKCoreKit/Basics
  - FBSDKLoginKit (8.2.0):
    - FBSDKLoginKit/Login (= 8.2.0)
  - FBSDKLoginKit/Login (8.2.0):
    - FBSDKCoreKit (~> 8.2.0)
  - Firebase/Analytics (6.34.0):
    - Firebase/Core
  - Firebase/Auth (6.34.0):
    - Firebase/CoreOnly
    - FirebaseAuth (~> 6.9.2)
  - Firebase/Core (6.34.0):
    - Firebase/CoreOnly
    - FirebaseAnalytics (= 6.9.0)
  - Firebase/CoreOnly (6.34.0):
    - FirebaseCore (= 6.10.4)
  - Firebase/Firestore (6.34.0):
    - Firebase/CoreOnly
    - FirebaseFirestore (~> 1.19.0)
  - Firebase/Storage (6.34.0):
    - Firebase/CoreOnly
    - FirebaseStorage (~> 3.9.1)
  - FirebaseAnalytics (6.9.0):
    - FirebaseCore (~> 6.10)
    - FirebaseInstallations (~> 1.7)
    - GoogleAppMeasurement (= 6.9.0)
    - GoogleUtilities/AppDelegateSwizzler (~> 6.7)
    - GoogleUtilities/MethodSwizzler (~> 6.7)
    - GoogleUtilities/Network (~> 6.7)
    - "GoogleUtilities/NSData+zlib (~> 6.7)"
    - nanopb (~> 1.30906.0)
  - FirebaseAuth (6.9.2):
    - FirebaseCore (~> 6.10)
    - GoogleUtilities/AppDelegateSwizzler (~> 6.7)
    - GoogleUtilities/Environment (~> 6.7)
    - GTMSessionFetcher/Core (~> 1.1)
  - FirebaseCore (6.10.4):
    - FirebaseCoreDiagnostics (~> 1.6)
    - GoogleUtilities/Environment (~> 6.7)
    - GoogleUtilities/Logger (~> 6.7)
  - FirebaseCoreDiagnostics (1.7.0):
    - GoogleDataTransport (~> 7.4)
    - GoogleUtilities/Environment (~> 6.7)
    - GoogleUtilities/Logger (~> 6.7)
    - nanopb (~> 1.30906.0)
  - FirebaseFirestore (1.19.0):
    - abseil/algorithm (= 0.20200225.0)
    - abseil/base (= 0.20200225.0)
    - abseil/memory (= 0.20200225.0)
    - abseil/meta (= 0.20200225.0)
    - abseil/strings/strings (= 0.20200225.0)
    - abseil/time (= 0.20200225.0)
    - abseil/types (= 0.20200225.0)
    - FirebaseCore (~> 6.10)
    - "gRPC-C++ (~> 1.28.0)"
    - leveldb-library (~> 1.22)
    - nanopb (~> 1.30906.0)
  - FirebaseFirestoreSwift (0.4.0):
    - FirebaseFirestore (>= 1.6.1, ~> 1.6)
  - FirebaseInstallations (1.7.0):
    - FirebaseCore (~> 6.10)
    - GoogleUtilities/Environment (~> 6.7)
    - GoogleUtilities/UserDefaults (~> 6.7)
    - PromisesObjC (~> 1.2)
  - FirebaseStorage (3.9.1):
    - FirebaseCore (~> 6.10)
    - GTMSessionFetcher/Core (~> 1.1)
  - GoogleAppMeasurement (6.9.0):
    - GoogleUtilities/AppDelegateSwizzler (~> 6.7)
    - GoogleUtilities/MethodSwizzler (~> 6.7)
    - GoogleUtilities/Network (~> 6.7)
    - "GoogleUtilities/NSData+zlib (~> 6.7)"
    - nanopb (~> 1.30906.0)
  - GoogleDataTransport (7.5.1):
    - nanopb (~> 1.30906.0)
  - GoogleSignIn (5.0.2):
    - AppAuth (~> 1.2)
    - GTMAppAuth (~> 1.0)
    - GTMSessionFetcher/Core (~> 1.1)
  - GoogleUtilities/AppDelegateSwizzler (6.7.2):
    - GoogleUtilities/Environment
    - GoogleUtilities/Logger
    - GoogleUtilities/Network
  - GoogleUtilities/Environment (6.7.2):
    - PromisesObjC (~> 1.2)
  - GoogleUtilities/Logger (6.7.2):
    - GoogleUtilities/Environment
  - GoogleUtilities/MethodSwizzler (6.7.2):
    - GoogleUtilities/Logger
  - GoogleUtilities/Network (6.7.2):
    - GoogleUtilities/Logger
    - "GoogleUtilities/NSData+zlib"
    - GoogleUtilities/Reachability
  - "GoogleUtilities/NSData+zlib (6.7.2)"
  - GoogleUtilities/Reachability (6.7.2):
    - GoogleUtilities/Logger
  - GoogleUtilities/UserDefaults (6.7.2):
    - GoogleUtilities/Logger
  - "gRPC-C++ (1.28.2)":
    - "gRPC-C++/Implementation (= 1.28.2)"
    - "gRPC-C++/Interface (= 1.28.2)"
  - "gRPC-C++/Implementation (1.28.2)":
    - abseil/container/inlined_vector (= 0.20200225.0)
    - abseil/memory/memory (= 0.20200225.0)
    - abseil/strings/str_format (= 0.20200225.0)
    - abseil/strings/strings (= 0.20200225.0)
    - abseil/types/optional (= 0.20200225.0)
    - "gRPC-C++/Interface (= 1.28.2)"
    - gRPC-Core (= 1.28.2)
  - "gRPC-C++/Interface (1.28.2)"
  - gRPC-Core (1.28.2):
    - gRPC-Core/Implementation (= 1.28.2)
    - gRPC-Core/Interface (= 1.28.2)
  - gRPC-Core/Implementation (1.28.2):
    - abseil/container/inlined_vector (= 0.20200225.0)
    - abseil/memory/memory (= 0.20200225.0)
    - abseil/strings/str_format (= 0.20200225.0)
    - abseil/strings/strings (= 0.20200225.0)
    - abseil/types/optional (= 0.20200225.0)
    - BoringSSL-GRPC (= 0.0.7)
    - gRPC-Core/Interface (= 1.28.2)
  - gRPC-Core/Interface (1.28.2)
  - GTMAppAuth (1.1.0):
    - AppAuth/Core (~> 1.4)
    - GTMSessionFetcher (~> 1.4)
  - GTMSessionFetcher (1.5.0):
    - GTMSessionFetcher/Full (= 1.5.0)
  - GTMSessionFetcher/Core (1.5.0)
  - GTMSessionFetcher/Full (1.5.0):
    - GTMSessionFetcher/Core (= 1.5.0)
  - ImageSlideshow (1.9.1):
    - ImageSlideshow/Core (= 1.9.1)
  - ImageSlideshow/Alamofire (1.9.1):
    - AlamofireImage (~> 4.0)
    - ImageSlideshow/Core
  - ImageSlideshow/Core (1.9.1)
  - LanguageManager-iOS (1.2.3)
  - leveldb-library (1.22)
  - LZViewPager (1.2.5):
    - SnapKit (~> 5.0.0)
  - M13Checkbox (3.4.0)
  - MaterialComponents (119.1.3):
    - MaterialComponents/ActionSheet (= 119.1.3)
    - "MaterialComponents/ActionSheet+Theming (= 119.1.3)"
    - MaterialComponents/ActivityIndicator (= 119.1.3)
    - MaterialComponents/AnimationTiming (= 119.1.3)
    - MaterialComponents/AppBar (= 119.1.3)
    - "MaterialComponents/AppBar+ColorThemer (= 119.1.3)"
    - "MaterialComponents/AppBar+Theming (= 119.1.3)"
    - "MaterialComponents/AppBar+TypographyThemer (= 119.1.3)"
    - MaterialComponents/Availability (= 119.1.3)
    - MaterialComponents/Banner (= 119.1.3)
    - "MaterialComponents/Banner+Theming (= 119.1.3)"
    - MaterialComponents/BottomAppBar (= 119.1.3)
    - MaterialComponents/BottomNavigation (= 119.1.3)
    - "MaterialComponents/BottomNavigation+BottomNavigationController (= 119.1.3)"
    - "MaterialComponents/BottomNavigation+Theming (= 119.1.3)"
    - MaterialComponents/BottomSheet (= 119.1.3)
    - "MaterialComponents/BottomSheet+ShapeThemer (= 119.1.3)"
    - MaterialComponents/ButtonBar (= 119.1.3)
    - MaterialComponents/Buttons (= 119.1.3)
    - "MaterialComponents/Buttons+ButtonThemer (= 119.1.3)"
    - "MaterialComponents/Buttons+ColorThemer (= 119.1.3)"
    - "MaterialComponents/Buttons+ShapeThemer (= 119.1.3)"
    - "MaterialComponents/Buttons+Theming (= 119.1.3)"
    - "MaterialComponents/Buttons+TypographyThemer (= 119.1.3)"
    - MaterialComponents/Cards (= 119.1.3)
    - "MaterialComponents/Cards+Theming (= 119.1.3)"
    - MaterialComponents/Chips (= 119.1.3)
    - "MaterialComponents/Chips+Theming (= 119.1.3)"
    - MaterialComponents/CollectionCells (= 119.1.3)
    - MaterialComponents/CollectionLayoutAttributes (= 119.1.3)
    - MaterialComponents/Collections (= 119.1.3)
    - MaterialComponents/Dialogs (= 119.1.3)
    - "MaterialComponents/Dialogs+ColorThemer (= 119.1.3)"
    - "MaterialComponents/Dialogs+Theming (= 119.1.3)"
    - "MaterialComponents/Dialogs+TypographyThemer (= 119.1.3)"
    - MaterialComponents/Elevation (= 119.1.3)
    - MaterialComponents/FeatureHighlight (= 119.1.3)
    - "MaterialComponents/FeatureHighlight+ColorThemer (= 119.1.3)"
    - MaterialComponents/FlexibleHeader (= 119.1.3)
    - "MaterialComponents/FlexibleHeader+CanAlwaysExpandToMaximumHeight (= 119.1.3)"
    - "MaterialComponents/FlexibleHeader+ShiftBehavior (= 119.1.3)"
    - "MaterialComponents/FlexibleHeader+ShiftBehaviorEnabledWithStatusBar (= 119.1.3)"
    - MaterialComponents/HeaderStackView (= 119.1.3)
    - MaterialComponents/Ink (= 119.1.3)
    - MaterialComponents/LibraryInfo (= 119.1.3)
    - MaterialComponents/List (= 119.1.3)
    - "MaterialComponents/List+Theming (= 119.1.3)"
    - MaterialComponents/NavigationBar (= 119.1.3)
    - "MaterialComponents/NavigationBar+ColorThemer (= 119.1.3)"
    - "MaterialComponents/NavigationBar+TypographyThemer (= 119.1.3)"
    - MaterialComponents/NavigationDrawer (= 119.1.3)
    - "MaterialComponents/NavigationDrawer+ColorThemer (= 119.1.3)"
    - "MaterialComponents/NavigationDrawer+Theming (= 119.1.3)"
    - MaterialComponents/OverlayWindow (= 119.1.3)
    - MaterialComponents/PageControl (= 119.1.3)
    - MaterialComponents/Palettes (= 119.1.3)
    - MaterialComponents/private (= 119.1.3)
    - MaterialComponents/ProgressView (= 119.1.3)
    - "MaterialComponents/ProgressView+Theming (= 119.1.3)"
    - MaterialComponents/Ripple (= 119.1.3)
    - MaterialComponents/schemes (= 119.1.3)
    - MaterialComponents/ShadowElevations (= 119.1.3)
    - MaterialComponents/ShadowLayer (= 119.1.3)
    - MaterialComponents/ShapeLibrary (= 119.1.3)
    - MaterialComponents/Shapes (= 119.1.3)
    - MaterialComponents/Slider (= 119.1.3)
    - "MaterialComponents/Slider+ColorThemer (= 119.1.3)"
    - MaterialComponents/Snackbar (= 119.1.3)
    - MaterialComponents/Tabs (= 119.1.3)
    - "MaterialComponents/Tabs+TabBarView (= 119.1.3)"
    - "MaterialComponents/Tabs+TabBarViewTheming (= 119.1.3)"
    - "MaterialComponents/Tabs+Theming (= 119.1.3)"
    - "MaterialComponents/Tabs+TypographyThemer (= 119.1.3)"
    - "MaterialComponents/TextControls+BaseTextAreas (= 119.1.3)"
    - "MaterialComponents/TextControls+BaseTextFields (= 119.1.3)"
    - "MaterialComponents/TextControls+Enums (= 119.1.3)"
    - "MaterialComponents/TextControls+FilledTextAreas (= 119.1.3)"
    - "MaterialComponents/TextControls+FilledTextAreasTheming (= 119.1.3)"
    - "MaterialComponents/TextControls+FilledTextFields (= 119.1.3)"
    - "MaterialComponents/TextControls+FilledTextFieldsTheming (= 119.1.3)"
    - "MaterialComponents/TextControls+OutlinedTextAreas (= 119.1.3)"
    - "MaterialComponents/TextControls+OutlinedTextAreasTheming (= 119.1.3)"
    - "MaterialComponents/TextControls+OutlinedTextFields (= 119.1.3)"
    - "MaterialComponents/TextControls+OutlinedTextFieldsTheming (= 119.1.3)"
    - "MaterialComponents/TextControls+UnderlinedTextFields (= 119.1.3)"
    - "MaterialComponents/TextControls+UnderlinedTextFieldsTheming (= 119.1.3)"
    - MaterialComponents/TextFields (= 119.1.3)
    - "MaterialComponents/TextFields+ColorThemer (= 119.1.3)"
    - "MaterialComponents/TextFields+Theming (= 119.1.3)"
    - MaterialComponents/Themes (= 119.1.3)
    - MaterialComponents/Typography (= 119.1.3)
  - MaterialComponents/ActionSheet (119.1.3):
    - MaterialComponents/Availability
    - MaterialComponents/BottomSheet
    - MaterialComponents/Elevation
    - MaterialComponents/Ink
    - MaterialComponents/private/Math
    - MaterialComponents/Ripple
    - MaterialComponents/ShadowElevations
    - MaterialComponents/Typography
  - "MaterialComponents/ActionSheet+Theming (119.1.3)":
    - MaterialComponents/ActionSheet
    - MaterialComponents/Availability
    - MaterialComponents/Elevation
    - MaterialComponents/private/Color
    - MaterialComponents/schemes/Container
    - MaterialComponents/ShadowElevations
  - MaterialComponents/ActivityIndicator (119.1.3):
    - MaterialComponents/Palettes
    - MaterialComponents/private/Application
    - MDFInternationalization
    - MotionAnimator (~> 2.0)
  - MaterialComponents/AnimationTiming (119.1.3)
  - MaterialComponents/AppBar (119.1.3):
    - MaterialComponents/FlexibleHeader
    - MaterialComponents/HeaderStackView
    - MaterialComponents/NavigationBar
    - MaterialComponents/private/Application
    - MaterialComponents/private/Icons/ic_arrow_back
    - MaterialComponents/private/UIMetrics
    - MaterialComponents/ShadowElevations
    - MaterialComponents/ShadowLayer
    - MaterialComponents/Typography
    - MDFInternationalization
  - "MaterialComponents/AppBar+ColorThemer (119.1.3)":
    - MaterialComponents/AppBar
    - "MaterialComponents/NavigationBar+ColorThemer"
    - MaterialComponents/Themes
  - "MaterialComponents/AppBar+Theming (119.1.3)":
    - MaterialComponents/AppBar
    - MaterialComponents/schemes/Container
  - "MaterialComponents/AppBar+TypographyThemer (119.1.3)":
    - MaterialComponents/AppBar
    - "MaterialComponents/NavigationBar+TypographyThemer"
  - MaterialComponents/Availability (119.1.3)
  - MaterialComponents/Banner (119.1.3):
    - MaterialComponents/Availability
    - MaterialComponents/Buttons
    - MaterialComponents/Elevation
    - MaterialComponents/Typography
  - "MaterialComponents/Banner+Theming (119.1.3)":
    - MaterialComponents/Banner
    - MaterialComponents/Buttons
    - "MaterialComponents/Buttons+Theming"
    - MaterialComponents/Elevation
    - MaterialComponents/schemes/Container
    - MaterialComponents/Typography
  - MaterialComponents/BottomAppBar (119.1.3):
    - MaterialComponents/Buttons
    - MaterialComponents/NavigationBar
    - MaterialComponents/private/Math
    - MDFInternationalization
  - MaterialComponents/BottomNavigation (119.1.3):
    - MaterialComponents/Availability
    - MaterialComponents/Elevation
    - MaterialComponents/Ink
    - MaterialComponents/Palettes
    - MaterialComponents/private/Math
    - MaterialComponents/Ripple
    - MaterialComponents/ShadowElevations
    - MaterialComponents/ShadowLayer
    - MaterialComponents/Typography
    - MDFInternationalization
  - "MaterialComponents/BottomNavigation+BottomNavigationController (119.1.3)":
    - MaterialComponents/BottomNavigation
  - "MaterialComponents/BottomNavigation+Theming (119.1.3)":
    - MaterialComponents/BottomNavigation
    - MaterialComponents/schemes/Color
    - MaterialComponents/schemes/Container
    - MaterialComponents/schemes/Typography
    - MaterialComponents/ShadowElevations
  - MaterialComponents/BottomSheet (119.1.3):
    - MaterialComponents/Elevation
    - MaterialComponents/private/KeyboardWatcher
    - MaterialComponents/private/Math
    - MaterialComponents/ShadowElevations
    - MaterialComponents/ShadowLayer
    - MaterialComponents/ShapeLibrary
    - MaterialComponents/Shapes
  - "MaterialComponents/BottomSheet+ShapeThemer (119.1.3)":
    - MaterialComponents/BottomSheet
    - MaterialComponents/schemes/Shape
  - MaterialComponents/ButtonBar (119.1.3):
    - MaterialComponents/Buttons
    - MaterialComponents/private/Application
    - MDFInternationalization
  - MaterialComponents/Buttons (119.1.3):
    - MaterialComponents/Elevation
    - MaterialComponents/Ink
    - MaterialComponents/private/Math
    - MaterialComponents/Ripple
    - MaterialComponents/ShadowElevations
    - MaterialComponents/ShadowLayer
    - MaterialComponents/ShapeLibrary
    - MaterialComponents/Shapes
    - MaterialComponents/Typography
    - MDFInternationalization
    - MDFTextAccessibility
  - "MaterialComponents/Buttons+ButtonThemer (119.1.3)":
    - MaterialComponents/Buttons
    - "MaterialComponents/Buttons+ColorThemer"
    - "MaterialComponents/Buttons+ShapeThemer"
    - "MaterialComponents/Buttons+TypographyThemer"
    - MaterialComponents/Palettes
  - "MaterialComponents/Buttons+ColorThemer (119.1.3)":
    - MaterialComponents/Buttons
    - MaterialComponents/schemes/Color
  - "MaterialComponents/Buttons+ShapeThemer (119.1.3)":
    - MaterialComponents/Buttons
    - MaterialComponents/schemes/Shape
  - "MaterialComponents/Buttons+Theming (119.1.3)":
    - MaterialComponents/Buttons
    - "MaterialComponents/Buttons+ColorThemer"
    - "MaterialComponents/Buttons+ShapeThemer"
    - "MaterialComponents/Buttons+TypographyThemer"
    - MaterialComponents/schemes/Container
    - MaterialComponents/ShadowElevations
  - "MaterialComponents/Buttons+TypographyThemer (119.1.3)":
    - MaterialComponents/Buttons
    - MaterialComponents/schemes/Typography
  - MaterialComponents/Cards (119.1.3):
    - MaterialComponents/Elevation
    - MaterialComponents/Ink
    - MaterialComponents/private/Icons/ic_check_circle
    - MaterialComponents/private/Math
    - MaterialComponents/Ripple
    - MaterialComponents/ShadowLayer
    - MaterialComponents/Shapes
  - "MaterialComponents/Cards+Theming (119.1.3)":
    - MaterialComponents/Cards
    - MaterialComponents/schemes/Container
  - MaterialComponents/Chips (119.1.3):
    - MaterialComponents/Elevation
    - MaterialComponents/Ink
    - MaterialComponents/private/Math
    - MaterialComponents/Ripple
    - MaterialComponents/ShadowElevations
    - MaterialComponents/ShadowLayer
    - MaterialComponents/ShapeLibrary
    - MaterialComponents/Shapes
    - MaterialComponents/TextFields
    - MaterialComponents/Typography
    - MDFInternationalization
  - "MaterialComponents/Chips+Theming (119.1.3)":
    - MaterialComponents/Chips
    - MaterialComponents/schemes/Container
    - MaterialComponents/Typography
  - MaterialComponents/CollectionCells (119.1.3):
    - MaterialComponents/CollectionLayoutAttributes
    - MaterialComponents/Ink
    - MaterialComponents/Palettes
    - MaterialComponents/private/Icons/ic_check
    - MaterialComponents/private/Icons/ic_check_circle
    - MaterialComponents/private/Icons/ic_chevron_right
    - MaterialComponents/private/Icons/ic_info
    - MaterialComponents/private/Icons/ic_radio_button_unchecked
    - MaterialComponents/private/Icons/ic_reorder
    - MaterialComponents/private/Math
    - MaterialComponents/Ripple
    - MaterialComponents/Typography
    - MDFInternationalization
  - MaterialComponents/CollectionLayoutAttributes (119.1.3)
  - MaterialComponents/Collections (119.1.3):
    - MaterialComponents/Availability
    - MaterialComponents/CollectionCells
    - MaterialComponents/CollectionLayoutAttributes
    - MaterialComponents/Ink
    - MaterialComponents/Palettes
    - MaterialComponents/Ripple
    - MaterialComponents/ShadowElevations
    - MaterialComponents/ShadowLayer
    - MaterialComponents/Typography
  - MaterialComponents/Dialogs (119.1.3):
    - MaterialComponents/Buttons
    - MaterialComponents/Elevation
    - MaterialComponents/private/KeyboardWatcher
    - MaterialComponents/private/Math
    - MaterialComponents/ShadowElevations
    - MaterialComponents/ShadowLayer
    - MaterialComponents/Typography
    - MDFInternationalization
  - "MaterialComponents/Dialogs+ColorThemer (119.1.3)":
    - "MaterialComponents/Buttons+ColorThemer"
    - MaterialComponents/Dialogs
    - MaterialComponents/Themes
  - "MaterialComponents/Dialogs+Theming (119.1.3)":
    - "MaterialComponents/Buttons+Theming"
    - MaterialComponents/Dialogs
    - "MaterialComponents/Dialogs+ColorThemer"
    - "MaterialComponents/Dialogs+TypographyThemer"
    - MaterialComponents/schemes/Container
    - MaterialComponents/ShadowElevations
  - "MaterialComponents/Dialogs+TypographyThemer (119.1.3)":
    - "MaterialComponents/Buttons+TypographyThemer"
    - MaterialComponents/Dialogs
    - MaterialComponents/schemes/Typography
  - MaterialComponents/Elevation (119.1.3):
    - MaterialComponents/Availability
    - MaterialComponents/private/Color
    - MaterialComponents/private/Math
  - MaterialComponents/FeatureHighlight (119.1.3):
    - MaterialComponents/Availability
    - MaterialComponents/private/Math
    - MaterialComponents/Typography
    - MDFTextAccessibility
  - "MaterialComponents/FeatureHighlight+ColorThemer (119.1.3)":
    - MaterialComponents/FeatureHighlight
    - MaterialComponents/Themes
  - MaterialComponents/FlexibleHeader (119.1.3):
    - MaterialComponents/Availability
    - MaterialComponents/Elevation
    - "MaterialComponents/FlexibleHeader+ShiftBehavior"
    - "MaterialComponents/FlexibleHeader+ShiftBehaviorEnabledWithStatusBar"
    - MaterialComponents/private/Application
    - MaterialComponents/private/Math
    - MaterialComponents/private/UIMetrics
    - MaterialComponents/ShadowElevations
    - MaterialComponents/ShadowLayer
    - MDFTextAccessibility
  - "MaterialComponents/FlexibleHeader+CanAlwaysExpandToMaximumHeight (119.1.3)":
    - MaterialComponents/FlexibleHeader
  - "MaterialComponents/FlexibleHeader+ShiftBehavior (119.1.3)"
  - "MaterialComponents/FlexibleHeader+ShiftBehaviorEnabledWithStatusBar (119.1.3)":
    - "MaterialComponents/FlexibleHeader+ShiftBehavior"
  - MaterialComponents/HeaderStackView (119.1.3)
  - MaterialComponents/Ink (119.1.3):
    - MaterialComponents/Availability
    - MaterialComponents/private/Color
    - MaterialComponents/private/Math
  - MaterialComponents/LibraryInfo (119.1.3)
  - MaterialComponents/List (119.1.3):
    - MaterialComponents/Elevation
    - MaterialComponents/Ink
    - MaterialComponents/private/Math
    - MaterialComponents/Ripple
    - MaterialComponents/ShadowElevations
    - MaterialComponents/ShadowLayer
    - MaterialComponents/Typography
    - MDFInternationalization
  - "MaterialComponents/List+Theming (119.1.3)":
    - MaterialComponents/List
    - MaterialComponents/schemes/Container
  - MaterialComponents/NavigationBar (119.1.3):
    - MaterialComponents/ButtonBar
    - MaterialComponents/Elevation
    - MaterialComponents/private/Math
    - MaterialComponents/Typography
    - MDFInternationalization
    - MDFTextAccessibility
  - "MaterialComponents/NavigationBar+ColorThemer (119.1.3)":
    - MaterialComponents/NavigationBar
    - MaterialComponents/schemes/Color
  - "MaterialComponents/NavigationBar+TypographyThemer (119.1.3)":
    - MaterialComponents/NavigationBar
    - MaterialComponents/schemes/Typography
  - MaterialComponents/NavigationDrawer (119.1.3):
    - MaterialComponents/Elevation
    - MaterialComponents/Palettes
    - MaterialComponents/private/Math
    - MaterialComponents/private/UIMetrics
    - MaterialComponents/ShadowLayer
  - "MaterialComponents/NavigationDrawer+ColorThemer (119.1.3)":
    - MaterialComponents/NavigationDrawer
    - MaterialComponents/schemes/Color
  - "MaterialComponents/NavigationDrawer+Theming (119.1.3)":
    - MaterialComponents/NavigationDrawer
    - MaterialComponents/schemes/Container
  - MaterialComponents/OverlayWindow (119.1.3):
    - MaterialComponents/Availability
    - MaterialComponents/private/Application
  - MaterialComponents/PageControl (119.1.3):
    - MDFInternationalization
  - MaterialComponents/Palettes (119.1.3)
  - MaterialComponents/private (119.1.3):
    - MaterialComponents/private/Application (= 119.1.3)
    - MaterialComponents/private/Color (= 119.1.3)
    - MaterialComponents/private/Icons (= 119.1.3)
    - MaterialComponents/private/KeyboardWatcher (= 119.1.3)
    - MaterialComponents/private/Math (= 119.1.3)
    - MaterialComponents/private/Overlay (= 119.1.3)
    - "MaterialComponents/private/TextControlsPrivate+BaseStyle (= 119.1.3)"
    - "MaterialComponents/private/TextControlsPrivate+FilledStyle (= 119.1.3)"
    - "MaterialComponents/private/TextControlsPrivate+OutlinedStyle (= 119.1.3)"
    - "MaterialComponents/private/TextControlsPrivate+Shared (= 119.1.3)"
    - "MaterialComponents/private/TextControlsPrivate+TextFields (= 119.1.3)"
    - "MaterialComponents/private/TextControlsPrivate+UnderlinedStyle (= 119.1.3)"
    - MaterialComponents/private/ThumbTrack (= 119.1.3)
    - MaterialComponents/private/UIMetrics (= 119.1.3)
  - MaterialComponents/private/Application (119.1.3)
  - MaterialComponents/private/Color (119.1.3):
    - MaterialComponents/Availability
  - MaterialComponents/private/Icons (119.1.3):
    - MaterialComponents/private/Icons/Base (= 119.1.3)
    - MaterialComponents/private/Icons/ic_arrow_back (= 119.1.3)
    - MaterialComponents/private/Icons/ic_check (= 119.1.3)
    - MaterialComponents/private/Icons/ic_check_circle (= 119.1.3)
    - MaterialComponents/private/Icons/ic_chevron_right (= 119.1.3)
    - MaterialComponents/private/Icons/ic_color_lens (= 119.1.3)
    - MaterialComponents/private/Icons/ic_feedback (= 119.1.3)
    - MaterialComponents/private/Icons/ic_help_outline (= 119.1.3)
    - MaterialComponents/private/Icons/ic_info (= 119.1.3)
    - MaterialComponents/private/Icons/ic_more_horiz (= 119.1.3)
    - MaterialComponents/private/Icons/ic_radio_button_unchecked (= 119.1.3)
    - MaterialComponents/private/Icons/ic_reorder (= 119.1.3)
    - MaterialComponents/private/Icons/ic_settings (= 119.1.3)
  - MaterialComponents/private/Icons/Base (119.1.3)
  - MaterialComponents/private/Icons/ic_arrow_back (119.1.3):
    - MaterialComponents/private/Icons/Base
  - MaterialComponents/private/Icons/ic_check (119.1.3):
    - MaterialComponents/private/Icons/Base
  - MaterialComponents/private/Icons/ic_check_circle (119.1.3):
    - MaterialComponents/private/Icons/Base
  - MaterialComponents/private/Icons/ic_chevron_right (119.1.3):
    - MaterialComponents/private/Icons/Base
  - MaterialComponents/private/Icons/ic_color_lens (119.1.3):
    - MaterialComponents/private/Icons/Base
  - MaterialComponents/private/Icons/ic_feedback (119.1.3):
    - MaterialComponents/private/Icons/Base
  - MaterialComponents/private/Icons/ic_help_outline (119.1.3):
    - MaterialComponents/private/Icons/Base
  - MaterialComponents/private/Icons/ic_info (119.1.3):
    - MaterialComponents/private/Icons/Base
  - MaterialComponents/private/Icons/ic_more_horiz (119.1.3):
    - MaterialComponents/private/Icons/Base
  - MaterialComponents/private/Icons/ic_radio_button_unchecked (119.1.3):
    - MaterialComponents/private/Icons/Base
  - MaterialComponents/private/Icons/ic_reorder (119.1.3):
    - MaterialComponents/private/Icons/Base
  - MaterialComponents/private/Icons/ic_settings (119.1.3):
    - MaterialComponents/private/Icons/Base
  - MaterialComponents/private/KeyboardWatcher (119.1.3):
    - MaterialComponents/private/Application
  - MaterialComponents/private/Math (119.1.3)
  - MaterialComponents/private/Overlay (119.1.3)
  - "MaterialComponents/private/TextControlsPrivate+BaseStyle (119.1.3)":
    - MaterialComponents/AnimationTiming
    - MaterialComponents/private/Math
    - "MaterialComponents/private/TextControlsPrivate+Shared"
  - "MaterialComponents/private/TextControlsPrivate+FilledStyle (119.1.3)":
    - MaterialComponents/AnimationTiming
    - MaterialComponents/Availability
    - MaterialComponents/private/Math
    - "MaterialComponents/private/TextControlsPrivate+Shared"
    - "MaterialComponents/private/TextControlsPrivate+UnderlinedStyle"
  - "MaterialComponents/private/TextControlsPrivate+OutlinedStyle (119.1.3)":
    - MaterialComponents/AnimationTiming
    - MaterialComponents/Availability
    - MaterialComponents/private/Math
    - "MaterialComponents/private/TextControlsPrivate+Shared"
  - "MaterialComponents/private/TextControlsPrivate+Shared (119.1.3)":
    - MaterialComponents/AnimationTiming
    - MaterialComponents/private/Math
    - "MaterialComponents/TextControls+Enums"
  - "MaterialComponents/private/TextControlsPrivate+TextFields (119.1.3)":
    - MaterialComponents/private/Math
    - "MaterialComponents/private/TextControlsPrivate+Shared"
  - "MaterialComponents/private/TextControlsPrivate+UnderlinedStyle (119.1.3)":
    - MaterialComponents/AnimationTiming
    - MaterialComponents/Availability
    - MaterialComponents/private/Math
    - "MaterialComponents/private/TextControlsPrivate+Shared"
  - MaterialComponents/private/ThumbTrack (119.1.3):
    - MaterialComponents/Availability
    - MaterialComponents/Ink
    - MaterialComponents/private/Math
    - MaterialComponents/Ripple
    - MaterialComponents/ShadowElevations
    - MaterialComponents/ShadowLayer
    - MaterialComponents/ShapeLibrary
    - MaterialComponents/Typography
    - MDFInternationalization
  - MaterialComponents/private/UIMetrics (119.1.3):
    - MaterialComponents/private/Application
  - MaterialComponents/ProgressView (119.1.3):
    - MaterialComponents/Palettes
    - MaterialComponents/private/Math
    - MDFInternationalization
  - "MaterialComponents/ProgressView+Theming (119.1.3)":
    - MaterialComponents/ProgressView
    - MaterialComponents/schemes/Container
  - MaterialComponents/Ripple (119.1.3):
    - MaterialComponents/AnimationTiming
    - MaterialComponents/Availability
    - MaterialComponents/private/Color
    - MaterialComponents/private/Math
  - MaterialComponents/schemes (119.1.3):
    - MaterialComponents/schemes/Color (= 119.1.3)
    - MaterialComponents/schemes/Container (= 119.1.3)
    - MaterialComponents/schemes/Shape (= 119.1.3)
    - MaterialComponents/schemes/Typography (= 119.1.3)
    - "MaterialComponents/schemes/Typography+BasicFontScheme (= 119.1.3)"
    - "MaterialComponents/schemes/Typography+Scheming (= 119.1.3)"
  - MaterialComponents/schemes/Color (119.1.3):
    - MaterialComponents/Availability
    - MaterialComponents/private/Color
  - MaterialComponents/schemes/Container (119.1.3):
    - MaterialComponents/schemes/Color
    - MaterialComponents/schemes/Shape
    - MaterialComponents/schemes/Typography
  - MaterialComponents/schemes/Shape (119.1.3):
    - MaterialComponents/ShapeLibrary
    - MaterialComponents/Shapes
  - MaterialComponents/schemes/Typography (119.1.3):
    - "MaterialComponents/schemes/Typography+BasicFontScheme"
    - "MaterialComponents/schemes/Typography+Scheming"
    - MaterialComponents/Typography
  - "MaterialComponents/schemes/Typography+BasicFontScheme (119.1.3)"
  - "MaterialComponents/schemes/Typography+Scheming (119.1.3)"
  - MaterialComponents/ShadowElevations (119.1.3)
  - MaterialComponents/ShadowLayer (119.1.3):
    - MaterialComponents/ShadowElevations
  - MaterialComponents/ShapeLibrary (119.1.3):
    - MaterialComponents/private/Math
    - MaterialComponents/Shapes
  - MaterialComponents/Shapes (119.1.3):
    - MaterialComponents/private/Color
    - MaterialComponents/private/Math
    - MaterialComponents/ShadowLayer
  - MaterialComponents/Slider (119.1.3):
    - MaterialComponents/Elevation
    - MaterialComponents/Palettes
    - MaterialComponents/private/Math
    - MaterialComponents/private/ThumbTrack
    - MaterialComponents/ShadowElevations
  - "MaterialComponents/Slider+ColorThemer (119.1.3)":
    - MaterialComponents/Palettes
    - MaterialComponents/schemes/Color
    - MaterialComponents/Slider
  - MaterialComponents/Snackbar (119.1.3):
    - MaterialComponents/AnimationTiming
    - MaterialComponents/Availability
    - MaterialComponents/Buttons
    - MaterialComponents/Elevation
    - MaterialComponents/OverlayWindow
    - MaterialComponents/private/Application
    - MaterialComponents/private/KeyboardWatcher
    - MaterialComponents/private/Math
    - MaterialComponents/private/Overlay
    - MaterialComponents/ShadowElevations
    - MaterialComponents/ShadowLayer
    - MaterialComponents/Typography
  - MaterialComponents/Tabs (119.1.3):
    - MaterialComponents/AnimationTiming
    - MaterialComponents/Elevation
    - MaterialComponents/Ink
    - MaterialComponents/Palettes
    - MaterialComponents/private/Math
    - MaterialComponents/Ripple
    - MaterialComponents/ShadowElevations
    - MaterialComponents/ShadowLayer
    - MaterialComponents/Typography
    - MDFInternationalization
  - "MaterialComponents/Tabs+TabBarView (119.1.3)":
    - MaterialComponents/AnimationTiming
    - MaterialComponents/private/Math
    - MaterialComponents/Ripple
    - MDFInternationalization
  - "MaterialComponents/Tabs+TabBarViewTheming (119.1.3)":
    - MaterialComponents/schemes/Container
    - "MaterialComponents/Tabs+TabBarView"
  - "MaterialComponents/Tabs+Theming (119.1.3)":
    - MaterialComponents/schemes/Container
    - MaterialComponents/Tabs
    - "MaterialComponents/Tabs+TypographyThemer"
  - "MaterialComponents/Tabs+TypographyThemer (119.1.3)":
    - MaterialComponents/schemes/Typography
    - MaterialComponents/Tabs
  - "MaterialComponents/TextControls+BaseTextAreas (119.1.3)":
    - "MaterialComponents/private/TextControlsPrivate+BaseStyle"
    - "MaterialComponents/private/TextControlsPrivate+Shared"
    - MDFInternationalization
  - "MaterialComponents/TextControls+BaseTextFields (119.1.3)":
    - "MaterialComponents/private/TextControlsPrivate+BaseStyle"
    - "MaterialComponents/private/TextControlsPrivate+Shared"
    - "MaterialComponents/private/TextControlsPrivate+TextFields"
    - MDFInternationalization
  - "MaterialComponents/TextControls+Enums (119.1.3)"
  - "MaterialComponents/TextControls+FilledTextAreas (119.1.3)":
    - MaterialComponents/Availability
    - "MaterialComponents/private/TextControlsPrivate+FilledStyle"
    - "MaterialComponents/TextControls+BaseTextAreas"
  - "MaterialComponents/TextControls+FilledTextAreasTheming (119.1.3)":
    - MaterialComponents/schemes/Container
    - "MaterialComponents/TextControls+FilledTextAreas"
  - "MaterialComponents/TextControls+FilledTextFields (119.1.3)":
    - MaterialComponents/Availability
    - "MaterialComponents/private/TextControlsPrivate+FilledStyle"
    - "MaterialComponents/TextControls+BaseTextFields"
  - "MaterialComponents/TextControls+FilledTextFieldsTheming (119.1.3)":
    - MaterialComponents/schemes/Container
    - "MaterialComponents/TextControls+FilledTextFields"
  - "MaterialComponents/TextControls+OutlinedTextAreas (119.1.3)":
    - MaterialComponents/Availability
    - "MaterialComponents/private/TextControlsPrivate+OutlinedStyle"
    - "MaterialComponents/TextControls+BaseTextAreas"
  - "MaterialComponents/TextControls+OutlinedTextAreasTheming (119.1.3)":
    - MaterialComponents/schemes/Container
    - "MaterialComponents/TextControls+OutlinedTextAreas"
  - "MaterialComponents/TextControls+OutlinedTextFields (119.1.3)":
    - MaterialComponents/Availability
    - "MaterialComponents/private/TextControlsPrivate+OutlinedStyle"
    - "MaterialComponents/TextControls+BaseTextFields"
  - "MaterialComponents/TextControls+OutlinedTextFieldsTheming (119.1.3)":
    - MaterialComponents/schemes/Container
    - "MaterialComponents/TextControls+OutlinedTextFields"
  - "MaterialComponents/TextControls+UnderlinedTextFields (119.1.3)":
    - MaterialComponents/Availability
    - "MaterialComponents/private/TextControlsPrivate+UnderlinedStyle"
    - "MaterialComponents/TextControls+BaseTextFields"
  - "MaterialComponents/TextControls+UnderlinedTextFieldsTheming (119.1.3)":
    - MaterialComponents/schemes/Container
    - "MaterialComponents/TextControls+UnderlinedTextFields"
  - MaterialComponents/TextFields (119.1.3):
    - MaterialComponents/AnimationTiming
    - MaterialComponents/Buttons
    - MaterialComponents/Elevation
    - MaterialComponents/Palettes
    - MaterialComponents/private/Math
    - MaterialComponents/Typography
    - MDFInternationalization
  - "MaterialComponents/TextFields+ColorThemer (119.1.3)":
    - MaterialComponents/TextFields
    - MaterialComponents/Themes
  - "MaterialComponents/TextFields+Theming (119.1.3)":
    - MaterialComponents/schemes/Container
    - MaterialComponents/TextFields
    - "MaterialComponents/TextFields+ColorThemer"
  - MaterialComponents/Themes (119.1.3):
    - MaterialComponents/schemes/Color
    - MaterialComponents/schemes/Typography
  - MaterialComponents/Typography (119.1.3):
    - MaterialComponents/private/Application
    - MaterialComponents/private/Math
    - MDFTextAccessibility
  - MDFInternationalization (2.0.0)
  - MDFTextAccessibility (2.0.0)
  - MotionAnimator (2.8.1):
    - MotionInterchange (~> 1.6)
  - MotionInterchange (1.6.0)
  - nanopb (1.30906.0):
    - nanopb/decode (= 1.30906.0)
    - nanopb/encode (= 1.30906.0)
  - nanopb/decode (1.30906.0)
  - nanopb/encode (1.30906.0)
  - PromisesObjC (1.2.11)
  - RangeSeekSlider (1.8.0)
  - SnapKit (5.0.1)
  - SOTabBar (1.1.3)
  - UIFloatLabelTextView (1.0.10)

DEPENDENCIES:
  - BCrypt
  - Bolts
  - BottomPopUpView
  - CollectionViewWaterfallLayout
  - FBSDKCoreKit
  - FBSDKLoginKit
  - Firebase/Analytics
  - Firebase/Auth
  - Firebase/Core
  - Firebase/Firestore
  - Firebase/Storage
  - FirebaseFirestoreSwift
  - GoogleSignIn
  - ImageSlideshow
  - ImageSlideshow/Alamofire
  - LanguageManager-iOS
  - LZViewPager
  - M13Checkbox
  - MaterialComponents
  - RangeSeekSlider
  - SOTabBar
  - UIFloatLabelTextView

SPEC REPOS:
  trunk:
    - abseil
    - Alamofire
    - AlamofireImage
    - AppAuth
    - BCrypt
    - Bolts
    - BoringSSL-GRPC
    - BottomPopUpView
    - CollectionViewWaterfallLayout
    - FBSDKCoreKit
    - FBSDKLoginKit
    - Firebase
    - FirebaseAnalytics
    - FirebaseAuth
    - FirebaseCore
    - FirebaseCoreDiagnostics
    - FirebaseFirestore
    - FirebaseFirestoreSwift
    - FirebaseInstallations
    - FirebaseStorage
    - GoogleAppMeasurement
    - GoogleDataTransport
    - GoogleSignIn
    - GoogleUtilities
    - "gRPC-C++"
    - gRPC-Core
    - GTMAppAuth
    - GTMSessionFetcher
    - ImageSlideshow
    - LanguageManager-iOS
    - leveldb-library
    - LZViewPager
    - M13Checkbox
    - MaterialComponents
    - MDFInternationalization
    - MDFTextAccessibility
    - MotionAnimator
    - MotionInterchange
    - nanopb
    - PromisesObjC
    - RangeSeekSlider
    - SnapKit
    - SOTabBar
    - UIFloatLabelTextView

SPEC CHECKSUMS:
  abseil: 6c8eb7892aefa08d929b39f9bb108e5367e3228f
  Alamofire: 3b6a534a3df22db367e4dedeeca73d1ddfcf0e2f
  AlamofireImage: c4a2ba349885fb3064feb74d2e547bd42ce9be10
  AppAuth: 31bcec809a638d7bd2f86ea8a52bd45f6e81e7c7
  BCrypt: 712b656110e5020d319c547e4d8f3053ded82b2a
  Bolts: 8c1e8aab2f603387b8b9924f57d1d64f43d3ffdc
  BoringSSL-GRPC: 8edf627ee524575e2f8d19d56f068b448eea3879
  BottomPopUpView: b611fbd563c6599e66a550321c77795db1002a98
  CollectionViewWaterfallLayout: 4399ba01be265fff4da1ed1d607130fe009780e4
  FBSDKCoreKit: 4afd6ff53d8133a433dbcda44451c9498f8c6ce4
  FBSDKLoginKit: 7181765f2524d7ebf82d9629066c8e6caafc99d0
  Firebase: c23a36d9e4cdf7877dfcba8dd0c58add66358999
  FirebaseAnalytics: 3bb096873ee0d7fa4b6c70f5e9166b6da413cc7f
  FirebaseAuth: c92d49ada7948d1a23466e3db17bc4c2039dddc3
  FirebaseCore: d3a978a3cfa3240bf7e4ba7d137fdf5b22b628ec
  FirebaseCoreDiagnostics: 770ac5958e1372ce67959ae4b4f31d8e127c3ac1
  FirebaseFirestore: 9b2f1b9b9a6f2f0b6fb7484b9e32ab7e39243554
  FirebaseFirestoreSwift: 2c46dbc1156db97dc4f6dd798d4f5b57b9c7fab6
  FirebaseInstallations: 466c7b4d1f58fe16707693091da253726a731ed2
  FirebaseStorage: 15e0f15ef3c7fec3d1899d68623e47d4447066b4
  GoogleAppMeasurement: a6a3a066369828db64eda428cb2856dc1cdc7c4e
  GoogleDataTransport: f56af7caa4ed338dc8e138a5d7c5973e66440833
  GoogleSignIn: 7137d297ddc022a7e0aa4619c86d72c909fa7213
  GoogleUtilities: 7f2f5a07f888cdb145101d6042bc4422f57e70b3
  "gRPC-C++": 13d8ccef97d5c3c441b7e3c529ef28ebee86fad2
  gRPC-Core: 4afa11bfbedf7cdecd04de535a9e046893404ed5
  GTMAppAuth: 197a8dabfea5d665224aa00d17f164fc2248dab9
  GTMSessionFetcher: b3503b20a988c4e20cc189aa798fd18220133f52
  ImageSlideshow: 67184be896a28472bd3b906c33ce4e0734aa3d22
  LanguageManager-iOS: 020a6849c97949683926773fd5b82baceaa142db
  leveldb-library: 55d93ee664b4007aac644a782d11da33fba316f7
  LZViewPager: 89ddd98246d54b52bde14c8d91702f946d6f8893
  M13Checkbox: 6f59404540ac98ba83a3d1afac335895a40c6a5d
  MaterialComponents: 41734d9cdfa1011e575e197c4faa197703d21f71
  MDFInternationalization: 010097556d6b09d2c4ea38e0820ea6d37be6a314
  MDFTextAccessibility: 85c09a1bd9c321f494348e632a25063bcda35a53
  MotionAnimator: ee16aa30567c5bae0fb2750c132915829cfaaf8a
  MotionInterchange: ead0e3ae1f3a5fb539e289debbc7ae036160a10d
  nanopb: 59317e09cf1f1a0af72f12af412d54edf52603fc
  PromisesObjC: 8c196f5a328c2cba3e74624585467a557dcb482f
  RangeSeekSlider: 650b11fa1edcb92e1e0ede797669d98622570fb5
  SnapKit: 97b92857e3df3a0c71833cce143274bf6ef8e5eb
  SOTabBar: 27aea95bd6b39d1be3535c867a2cd3b5adc172e6
  UIFloatLabelTextView: 96b7c5a18739fd1af8fd9480f7943d75a7547e4d

PODFILE CHECKSUM: f2164d5d5e865efe04e4ea74b41eff8c2f8ff8d9

COCOAPODS: 1.10.0
